
Microsoft Visual Studio Solution File, Format Version 12.00
# Visual Studio Version 16
VisualStudioVersion = 16.0.33801.447
MinimumVisualStudioVersion = 10.0.40219.1
Project("{FAE04EC0-301F-11D3-BF4B-00C04F79EFBC}") = "cfgTunelRental", "cfgTunelRental\cfgTunelRental.csproj", "{21E195B0-0C11-4DA5-B01C-9B7043D77CF4}"
EndProject
Global
	GlobalSection(SolutionConfigurationPlatforms) = preSolution
		Debug|Any CPU = Debug|Any CPU
		Release|Any CPU = Release|Any CPU
	EndGlobalSection
	GlobalSection(ProjectConfigurationPlatforms) = postSolution
		{21E195B0-0C11-4DA5-B01C-9B7043D77CF4}.Debug|Any CPU.ActiveCfg = Debug|Any CPU
		{21E195B0-0C11-4DA5-B01C-9B7043D77CF4}.Debug|Any CPU.Build.0 = Debug|Any CPU
		{21E195B0-0C11-4DA5-B01C-9B7043D77CF4}.Release|Any CPU.ActiveCfg = Release|Any CPU
		{21E195B0-0C11-4DA5-B01C-9B7043D77CF4}.Release|Any CPU.Build.0 = Release|Any CPU
	EndGlobalSection
	GlobalSection(SolutionProperties) = preSolution
		HideSolutionNode = FALSE
	EndGlobalSection
	GlobalSection(ExtensibilityGlobals) = postSolution
		SolutionGuid = {BA325828-42A3-4EB4-B915-402891867449}
	EndGlobalSection
EndGlobal
